# This file is automatically @generated by Cargo.
# It is not intended for manual editing.
version = 3

[[package]]
name = "array-concat"
version = "0.5.3"
source = "registry+https://github.com/rust-lang/crates.io-index"
checksum = "68b4d2c47ea522f4135657904891e533727daca3d2d852f29f5e4cc50960c77c"

[[package]]
name = "sick_safetyscanners"
version = "0.1.0"
dependencies = [
 "array-concat",
]
